// !$*UTF8*$!
{
	archiveVersion = 1;
	classes = {
	};
	objectVersion = 55;
	objects = {

/* Begin PBXBuildFile section */
		7FB7C257272E8E7F006D7693 /* AppDelegate.swift in Sources */ = {isa = PBXBuildFile; fileRef = 7FB7C256272E8E7F006D7693 /* AppDelegate.swift */; };
		7FB7C25E272E8E7F006D7693 /* Main.storyboard in Resources */ = {isa = PBXBuildFile; fileRef = 7FB7C25C272E8E7F006D7693 /* Main.storyboard */; };
		7FB7C260272E8E80006D7693 /* Assets.xcassets in Resources */ = {isa = PBXBuildFile; fileRef = 7FB7C25F272E8E80006D7693 /* Assets.xcassets */; };
		7FB7C263272E8E80006D7693 /* LaunchScreen.storyboard in Resources */ = {isa = PBXBuildFile; fileRef = 7FB7C261272E8E80006D7693 /* LaunchScreen.storyboard */; };
		7FB7C26E272E8E80006D7693 /* ShopAppTests.swift in Sources */ = {isa = PBXBuildFile; fileRef = 7FB7C26D272E8E80006D7693 /* ShopAppTests.swift */; };
		7FB7C278272E8E80006D7693 /* ShopAppUITests.swift in Sources */ = {isa = PBXBuildFile; fileRef = 7FB7C277272E8E80006D7693 /* ShopAppUITests.swift */; };
		7FB7C27A272E8E80006D7693 /* ShopAppUITestsLaunchTests.swift in Sources */ = {isa = PBXBuildFile; fileRef = 7FB7C279272E8E80006D7693 /* ShopAppUITestsLaunchTests.swift */; };
		7FED138C273177B7000AB4B6 /* ShopModule in Frameworks */ = {isa = PBXBuildFile; productRef = 7FED138B273177B7000AB4B6 /* ShopModule */; };
/* End PBXBuildFile section */

/* Begin PBXContainerItemProxy section */
		7FB7C26A272E8E80006D7693 /* PBXContainerItemProxy */ = {
			isa = PBXContainerItemProxy;
			containerPortal = 7FB7C24B272E8E7F006D7693 /* Project object */;
			proxyType = 1;
			remoteGlobalIDString = 7FB7C252272E8E7F006D7693;
			remoteInfo = ShopApp;
		};
		7FB7C274272E8E80006D7693 /* PBXContainerItemProxy */ = {
			isa = PBXContainerItemProxy;
			containerPortal = 7FB7C24B272E8E7F006D7693 /* Project object */;
			proxyType = 1;
			remoteGlobalIDString = 7FB7C252272E8E7F006D7693;
			remoteInfo = ShopApp;
		};
/* End PBXContainerItemProxy section */

/* Begin PBXFileReference section */
		7FB7C253272E8E7F006D7693 /* ShopApp.app */ = {isa = PBXFileReference; explicitFileType = wrapper.application; includeInIndex = 0; path = ShopApp.app; sourceTree = BUILT_PRODUCTS_DIR; };
		7FB7C256272E8E7F006D7693 /* AppDelegate.swift */ = {isa = PBXFileReference; lastKnownFileType = sourcecode.swift; path = AppDelegate.swift; sourceTree = "<group>"; };
		7FB7C25D272E8E7F006D7693 /* Base */ = {isa = PBXFileReference; lastKnownFileType = file.storyboard; name = Base; path = Base.lproj/Main.storyboard; sourceTree = "<group>"; };
		7FB7C25F272E8E80006D7693 /* Assets.xcassets */ = {isa = PBXFileReference; lastKnownFileType = folder.assetcatalog; path = Assets.xcassets; sourceTree = "<group>"; };
		7FB7C262272E8E80006D7693 /* Base */ = {isa = PBXFileReference; lastKnownFileType = file.storyboard; name = Base; path = Base.lproj/LaunchScreen.storyboard; sourceTree = "<group>"; };
		7FB7C264272E8E80006D7693 /* Info.plist */ = {isa = PBXFileReference; lastKnownFileType = text.plist.xml; path = Info.plist; sourceTree = "<group>"; };
		7FB7C269272E8E80006D7693 /* ShopAppTests.xctest */ = {isa = PBXFileReference; explicitFileType = wrapper.cfbundle; includeInIndex = 0; path = ShopAppTests.xctest; sourceTree = BUILT_PRODUCTS_DIR; };
		7FB7C26D272E8E80006D7693 /* ShopAppTests.swift */ = {isa = PBXFileReference; lastKnownFileType = sourcecode.swift; path = ShopAppTests.swift; sourceTree = "<group>"; };
		7FB7C273272E8E80006D7693 /* ShopAppUITests.xctest */ = {isa = PBXFileReference; explicitFileType = wrapper.cfbundle; includeInIndex = 0; path = ShopAppUITests.xctest; sourceTree = BUILT_PRODUCTS_DIR; };
		7FB7C277272E8E80006D7693 /* ShopAppUITests.swift */ = {isa = PBXFileReference; lastKnownFileType = sourcecode.swift; path = ShopAppUITests.swift; sourceTree = "<group>"; };
		7FB7C279272E8E80006D7693 /* ShopAppUITestsLaunchTests.swift */ = {isa = PBXFileReference; lastKnownFileType = sourcecode.swift; path = ShopAppUITestsLaunchTests.swift; sourceTree = "<group>"; };
		7FB7C293272E8EA8006D7693 /* ShopModule.framework */ = {isa = PBXFileReference; explicitFileType = wrapper.framework; path = ShopModule.framework; sourceTree = BUILT_PRODUCTS_DIR; };
/* End PBXFileReference section */

/* Begin PBXFrameworksBuildPhase section */
		7FB7C250272E8E7F006D7693 /* Frameworks */ = {
			isa = PBXFrameworksBuildPhase;
			buildActionMask = 2147483647;
			files = (
				7FED138C273177B7000AB4B6 /* ShopModule in Frameworks */,
			);
			runOnlyForDeploymentPostprocessing = 0;
		};
		7FB7C266272E8E80006D7693 /* Frameworks */ = {
			isa = PBXFrameworksBuildPhase;
			buildActionMask = 2147483647;
			files = (
			);
			runOnlyForDeploymentPostprocessing = 0;
		};
		7FB7C270272E8E80006D7693 /* Frameworks */ = {
			isa = PBXFrameworksBuildPhase;
			buildActionMask = 2147483647;
			files = (
			);
			runOnlyForDeploymentPostprocessing = 0;
		};
/* End PBXFrameworksBuildPhase section */

/* Begin PBXGroup section */
		7FB7C24A272E8E7F006D7693 = {
			isa = PBXGroup;
			children = (
				7FB7C255272E8E7F006D7693 /* ShopApp */,
				7FB7C26C272E8E80006D7693 /* ShopAppTests */,
				7FB7C276272E8E80006D7693 /* ShopAppUITests */,
				7FB7C254272E8E7F006D7693 /* Products */,
				7FB7C292272E8EA8006D7693 /* Frameworks */,
			);
			sourceTree = "<group>";
		};
		7FB7C254272E8E7F006D7693 /* Products */ = {
			isa = PBXGroup;
			children = (
				7FB7C253272E8E7F006D7693 /* ShopApp.app */,
				7FB7C269272E8E80006D7693 /* ShopAppTests.xctest */,
				7FB7C273272E8E80006D7693 /* ShopAppUITests.xctest */,
			);
			name = Products;
			sourceTree = "<group>";
		};
		7FB7C255272E8E7F006D7693 /* ShopApp */ = {
			isa = PBXGroup;
			children = (
				7FB7C256272E8E7F006D7693 /* AppDelegate.swift */,
				7FB7C25C272E8E7F006D7693 /* Main.storyboard */,
				7FB7C25F272E8E80006D7693 /* Assets.xcassets */,
				7FB7C261272E8E80006D7693 /* LaunchScreen.storyboard */,
				7FB7C264272E8E80006D7693 /* Info.plist */,
			);
			path = ShopApp;
			sourceTree = "<group>";
		};
		7FB7C26C272E8E80006D7693 /* ShopAppTests */ = {
			isa = PBXGroup;
			children = (
				7FB7C26D272E8E80006D7693 /* ShopAppTests.swift */,
			);
			path = ShopAppTests;
			sourceTree = "<group>";
		};
		7FB7C276272E8E80006D7693 /* ShopAppUITests */ = {
			isa = PBXGroup;
			children = (
				7FB7C277272E8E80006D7693 /* ShopAppUITests.swift */,
				7FB7C279272E8E80006D7693 /* ShopAppUITestsLaunchTests.swift */,
			);
			path = ShopAppUITests;
			sourceTree = "<group>";
		};
		7FB7C292272E8EA8006D7693 /* Frameworks */ = {
			isa = PBXGroup;
			children = (
				7FB7C293272E8EA8006D7693 /* ShopModule.framework */,
			);
			name = Frameworks;
			sourceTree = "<group>";
		};
/* End PBXGroup section */

/* Begin PBXNativeTarget section */
		7FB7C252272E8E7F006D7693 /* ShopApp */ = {
			isa = PBXNativeTarget;
			buildConfigurationList = 7FB7C27D272E8E80006D7693 /* Build configuration list for PBXNativeTarget "ShopApp" */;
			buildPhases = (
				7FB7C24F272E8E7F006D7693 /* Sources */,
				7FB7C250272E8E7F006D7693 /* Frameworks */,
				7FB7C251272E8E7F006D7693 /* Resources */,
			);
			buildRules = (
			);
			dependencies = (
			);
			name = ShopApp;
			packageProductDependencies = (
				7FED138B273177B7000AB4B6 /* ShopModule */,
			);
			productName = ShopApp;
			productReference = 7FB7C253272E8E7F006D7693 /* ShopApp.app */;
			productType = "com.apple.product-type.application";
		};
		7FB7C268272E8E80006D7693 /* ShopAppTests */ = {
			isa = PBXNativeTarget;
			buildConfigurationList = 7FB7C280272E8E80006D7693 /* Build configuration list for PBXNativeTarget "ShopAppTests" */;
			buildPhases = (
				7FB7C265272E8E80006D7693 /* Sources */,
				7FB7C266272E8E80006D7693 /* Frameworks */,
				7FB7C267272E8E80006D7693 /* Resources */,
			);
			buildRules = (
			);
			dependencies = (
				7FB7C26B272E8E80006D7693 /* PBXTargetDependency */,
			);
			name = ShopAppTests;
			productName = ShopAppTests;
			productReference = 7FB7C269272E8E80006D7693 /* ShopAppTests.xctest */;
			productType = "com.apple.product-type.bundle.unit-test";
		};
		7FB7C272272E8E80006D7693 /* ShopAppUITests */ = {
			isa = PBXNativeTarget;
			buildConfigurationList = 7FB7C283272E8E80006D7693 /* Build configuration list for PBXNativeTarget "ShopAppUITests" */;
			buildPhases = (
				7FB7C26F272E8E80006D7693 /* Sources */,
				7FB7C270272E8E80006D7693 /* Frameworks */,
				7FB7C271272E8E80006D7693 /* Resources */,
			);
			buildRules = (
			);
			dependencies = (
				7FB7C275272E8E80006D7693 /* PBXTargetDependency */,
			);
			name = ShopAppUITests;
			productName = ShopAppUITests;
			productReference = 7FB7C273272E8E80006D7693 /* ShopAppUITests.xctest */;
			productType = "com.apple.product-type.bundle.ui-testing";
		};
/* End PBXNativeTarget section */

/* Begin PBXProject section */
		7FB7C24B272E8E7F006D7693 /* Project object */ = {
			isa = PBXProject;
			attributes = {
				BuildIndependentTargetsInParallel = 1;
				LastSwiftUpdateCheck = 1310;
				LastUpgradeCheck = 1310;
				TargetAttributes = {
					7FB7C252272E8E7F006D7693 = {
						CreatedOnToolsVersion = 13.1;
					};
					7FB7C268272E8E80006D7693 = {
						CreatedOnToolsVersion = 13.1;
						TestTargetID = 7FB7C252272E8E7F006D7693;
					};
					7FB7C272272E8E80006D7693 = {
						CreatedOnToolsVersion = 13.1;
						TestTargetID = 7FB7C252272E8E7F006D7693;
					};
				};
			};
			buildConfigurationList = 7FB7C24E272E8E7F006D7693 /* Build configuration list for PBXProject "ShopApp" */;
			compatibilityVersion = "Xcode 13.0";
			developmentRegion = en;
			hasScannedForEncodings = 0;
			knownRegions = (
				en,
				Base,
			);
			mainGroup = 7FB7C24A272E8E7F006D7693;
			packageReferences = (
				7FED138A273177B7000AB4B6 /* XCRemoteSwiftPackageReference "shopmodule" */,
			);
			productRefGroup = 7FB7C254272E8E7F006D7693 /* Products */;
			projectDirPath = "";
			projectRoot = "";
			targets = (
				7FB7C252272E8E7F006D7693 /* ShopApp */,
				7FB7C268272E8E80006D7693 /* ShopAppTests */,
				7FB7C272272E8E80006D7693 /* ShopAppUITests */,
			);
		};
/* End PBXProject section */

/* Begin PBXResourcesBuildPhase section */
		7FB7C251272E8E7F006D7693 /* Resources */ = {
			isa = PBXResourcesBuildPhase;
			buildActionMask = 2147483647;
			files = (
				7FB7C263272E8E80006D7693 /* LaunchScreen.storyboard in Resources */,
				7FB7C260272E8E80006D7693 /* Assets.xcassets in Resources */,
				7FB7C25E272E8E7F006D7693 /* Main.storyboard in Resources */,
			);
			runOnlyForDeploymentPostprocessing = 0;
		};
		7FB7C267272E8E80006D7693 /* Resources */ = {
			isa = PBXResourcesBuildPhase;
			buildActionMask = 2147483647;
			files = (
			);
			runOnlyForDeploymentPostprocessing = 0;
		};
		7FB7C271272E8E80006D7693 /* Resources */ = {
			isa = PBXResourcesBuildPhase;
			buildActionMask = 2147483647;
			files = (
			);
			runOnlyForDeploymentPostprocessing = 0;
		};
/* End PBXResourcesBuildPhase section */

/* Begin PBXSourcesBuildPhase section */
		7FB7C24F272E8E7F006D7693 /* Sources */ = {
			isa = PBXSourcesBuildPhase;
			buildActionMask = 2147483647;
			files = (
				7FB7C257272E8E7F006D7693 /* AppDelegate.swift in Sources */,
			);
			runOnlyForDeploymentPostprocessing = 0;
		};
		7FB7C265272E8E80006D7693 /* Sources */ = {
			isa = PBXSourcesBuildPhase;
			buildActionMask = 2147483647;
			files = (
				7FB7C26E272E8E80006D7693 /* ShopAppTests.swift in Sources */,
			);
			runOnlyForDeploymentPostprocessing = 0;
		};
		7FB7C26F272E8E80006D7693 /* Sources */ = {
			isa = PBXSourcesBuildPhase;
			buildActionMask = 2147483647;
			files = (
				7FB7C27A272E8E80006D7693 /* ShopAppUITestsLaunchTests.swift in Sources */,
				7FB7C278272E8E80006D7693 /* ShopAppUITests.swift in Sources */,
			);
			runOnlyForDeploymentPostprocessing = 0;
		};
/* End PBXSourcesBuildPhase section */

/* Begin PBXTargetDependency section */
		7FB7C26B272E8E80006D7693 /* PBXTargetDependency */ = {
			isa = PBXTargetDependency;
			target = 7FB7C252272E8E7F006D7693 /* ShopApp */;
			targetProxy = 7FB7C26A272E8E80006D7693 /* PBXContainerItemProxy */;
		};
		7FB7C275272E8E80006D7693 /* PBXTargetDependency */ = {
			isa = PBXTargetDependency;
			target = 7FB7C252272E8E7F006D7693 /* ShopApp */;
			targetProxy = 7FB7C274272E8E80006D7693 /* PBXContainerItemProxy */;
		};
/* End PBXTargetDependency section */

/* Begin PBXVariantGroup section */
		7FB7C25C272E8E7F006D7693 /* Main.storyboard */ = {
			isa = PBXVariantGroup;
			children = (
				7FB7C25D272E8E7F006D7693 /* Base */,
			);
			name = Main.storyboard;
			sourceTree = "<group>";
		};
		7FB7C261272E8E80006D7693 /* LaunchScreen.storyboard */ = {
			isa = PBXVariantGroup;
			children = (
				7FB7C262272E8E80006D7693 /* Base */,
			);
			name = LaunchScreen.storyboard;
			sourceTree = "<group>";
		};
/* End PBXVariantGroup section */

/* Begin XCBuildConfiguration section */
		7FB7C27B272E8E80006D7693 /* Debug */ = {
			isa = XCBuildConfiguration;
			buildSettings = {
				ALWAYS_SEARCH_USER_PATHS = NO;
				CLANG_ANALYZER_NONNULL = YES;
				CLANG_ANALYZER_NUMBER_OBJECT_CONVERSION = YES_AGGRESSIVE;
				CLANG_CXX_LANGUAGE_STANDARD = "gnu++17";
				CLANG_CXX_LIBRARY = "libc++";
				CLANG_ENABLE_MODULES = YES;
				CLANG_ENABLE_OBJC_ARC = YES;
				CLANG_ENABLE_OBJC_WEAK = YES;
				CLANG_WARN_BLOCK_CAPTURE_AUTORELEASING = YES;
				CLANG_WARN_BOOL_CONVERSION = YES;
				CLANG_WARN_COMMA = YES;
				CLANG_WARN_CONSTANT_CONVERSION = YES;
				CLANG_WARN_DEPRECATED_OBJC_IMPLEMENTATIONS = YES;
				CLANG_WARN_DIRECT_OBJC_ISA_USAGE = YES_ERROR;
				CLANG_WARN_DOCUMENTATION_COMMENTS = YES;
				CLANG_WARN_EMPTY_BODY = YES;
				CLANG_WARN_ENUM_CONVERSION = YES;
				CLANG_WARN_INFINITE_RECURSION = YES;
				CLANG_WARN_INT_CONVERSION = YES;
				CLANG_WARN_NON_LITERAL_NULL_CONVERSION = YES;
				CLANG_WARN_OBJC_IMPLICIT_RETAIN_SELF = YES;
				CLANG_WARN_OBJC_LITERAL_CONVERSION = YES;
				CLANG_WARN_OBJC_ROOT_CLASS = YES_ERROR;
				CLANG_WARN_QUOTED_INCLUDE_IN_FRAMEWORK_HEADER = YES;
				CLANG_WARN_RANGE_LOOP_ANALYSIS = YES;
				CLANG_WARN_STRICT_PROTOTYPES = YES;
				CLANG_WARN_SUSPICIOUS_MOVE = YES;
				CLANG_WARN_UNGUARDED_AVAILABILITY = YES_AGGRESSIVE;
				CLANG_WARN_UNREACHABLE_CODE = YES;
				CLANG_WARN__DUPLICATE_METHOD_MATCH = YES;
				COPY_PHASE_STRIP = NO;
				DEBUG_INFORMATION_FORMAT = dwarf;
				ENABLE_STRICT_OBJC_MSGSEND = YES;
				ENABLE_TESTABILITY = YES;
				GCC_C_LANGUAGE_STANDARD = gnu11;
				GCC_DYNAMIC_NO_PIC = NO;
				GCC_NO_COMMON_BLOCKS = YES;
				GCC_OPTIMIZATION_LEVEL = 0;
				GCC_PREPROCESSOR_DEFINITIONS = (
					"DEBUG=1",
					"$(inherited)",
				);
				GCC_WARN_64_TO_32_BIT_CONVERSION = YES;
				GCC_WARN_ABOUT_RETURN_TYPE = YES_ERROR;
				GCC_WARN_UNDECLARED_SELECTOR = YES;
				GCC_WARN_UNINITIALIZED_AUTOS = YES_AGGRESSIVE;
				GCC_WARN_UNUSED_FUNCTION = YES;
				GCC_WARN_UNUSED_VARIABLE = YES;
				IPHONEOS_DEPLOYMENT_TARGET = 13.0;
				MTL_ENABLE_DEBUG_INFO = INCLUDE_SOURCE;
				MTL_FAST_MATH = YES;
				ONLY_ACTIVE_ARCH = YES;
				SDKROOT = iphoneos;
				SWIFT_ACTIVE_COMPILATION_CONDITIONS = DEBUG;
				SWIFT_OPTIMIZATION_LEVEL = "-Onone";
			};
			name = Debug;
		};
		7FB7C27C272E8E80006D7693 /* Release */ = {
			isa = XCBuildConfiguration;
			buildSettings = {
				ALWAYS_SEARCH_USER_PATHS = NO;
				CLANG_ANALYZER_NONNULL = YES;
				CLANG_ANALYZER_NUMBER_OBJECT_CONVERSION = YES_AGGRESSIVE;
				CLANG_CXX_LANGUAGE_STANDARD = "gnu++17";
				CLANG_CXX_LIBRARY = "libc++";
				CLANG_ENABLE_MODULES = YES;
				CLANG_ENABLE_OBJC_ARC = YES;
				CLANG_ENABLE_OBJC_WEAK = YES;
				CLANG_WARN_BLOCK_CAPTURE_AUTORELEASING = YES;
				CLANG_WARN_BOOL_CONVERSION = YES;
				CLANG_WARN_COMMA = YES;
				CLANG_WARN_CONSTANT_CONVERSION = YES;
				CLANG_WARN_DEPRECATED_OBJC_IMPLEMENTATIONS = YES;
				CLANG_WARN_DIRECT_OBJC_ISA_USAGE = YES_ERROR;
				CLANG_WARN_DOCUMENTATION_COMMENTS = YES;
				CLANG_WARN_EMPTY_BODY = YES;
				CLANG_WARN_ENUM_CONVERSION = YES;
				CLANG_WARN_INFINITE_RECURSION = YES;
				CLANG_WARN_INT_CONVERSION = YES;
				CLANG_WARN_NON_LITERAL_NULL_CONVERSION = YES;
				CLANG_WARN_OBJC_IMPLICIT_RETAIN_SELF = YES;
				CLANG_WARN_OBJC_LITERAL_CONVERSION = YES;
				CLANG_WARN_OBJC_ROOT_CLASS = YES_ERROR;
				CLANG_WARN_QUOTED_INCLUDE_IN_FRAMEWORK_HEADER = YES;
				CLANG_WARN_RANGE_LOOP_ANALYSIS = YES;
				CLANG_WARN_STRICT_PROTOTYPES = YES;
				CLANG_WARN_SUSPICIOUS_MOVE = YES;
				CLANG_WARN_UNGUARDED_AVAILABILITY = YES_AGGRESSIVE;
				CLANG_WARN_UNREACHABLE_CODE = YES;
				CLANG_WARN__DUPLICATE_METHOD_MATCH = YES;
				COPY_PHASE_STRIP = NO;
				DEBUG_INFORMATION_FORMAT = "dwarf-with-dsym";
				ENABLE_NS_ASSERTIONS = NO;
				ENABLE_STRICT_OBJC_MSGSEND = YES;
				GCC_C_LANGUAGE_STANDARD = gnu11;
				GCC_NO_COMMON_BLOCKS = YES;
				GCC_WARN_64_TO_32_BIT_CONVERSION = YES;
				GCC_WARN_ABOUT_RETURN_TYPE = YES_ERROR;
				GCC_WARN_UNDECLARED_SELECTOR = YES;
				GCC_WARN_UNINITIALIZED_AUTOS = YES_AGGRESSIVE;
				GCC_WARN_UNUSED_FUNCTION = YES;
				GCC_WARN_UNUSED_VARIABLE = YES;
				IPHONEOS_DEPLOYMENT_TARGET = 13.0;
				MTL_ENABLE_DEBUG_INFO = NO;
				MTL_FAST_MATH = YES;
				SDKROOT = iphoneos;
				SWIFT_COMPILATION_MODE = wholemodule;
				SWIFT_OPTIMIZATION_LEVEL = "-O";
				VALIDATE_PRODUCT = YES;
			};
			name = Release;
		};
		7FB7C27E272E8E80006D7693 /* Debug */ = {
			isa = XCBuildConfiguration;
			buildSettings = {
				ASSETCATALOG_COMPILER_APPICON_NAME = AppIcon;
				ASSETCATALOG_COMPILER_GLOBAL_ACCENT_COLOR_NAME = AccentColor;
				CODE_SIGN_STYLE = Automatic;
				CURRENT_PROJECT_VERSION = 1;
				GENERATE_INFOPLIST_FILE = YES;
				INFOPLIST_FILE = ShopApp/Info.plist;
				INFOPLIST_KEY_UIApplicationSupportsIndirectInputEvents = YES;
				INFOPLIST_KEY_UILaunchStoryboardName = LaunchScreen;
				INFOPLIST_KEY_UISupportedInterfaceOrientations_iPad = "UIInterfaceOrientationPortrait UIInterfaceOrientationPortraitUpsideDown UIInterfaceOrientationLandscapeLeft UIInterfaceOrientationLandscapeRight";
				INFOPLIST_KEY_UISupportedInterfaceOrientations_iPhone = "UIInterfaceOrientationPortrait UIInterfaceOrientationLandscapeLeft UIInterfaceOrientationLandscapeRight";
				LD_RUNPATH_SEARCH_PATHS = (
					"$(inherited)",
					"@executable_path/Frameworks",
				);
				MARKETING_VERSION = 1.0;
				PRODUCT_BUNDLE_IDENTIFIER = com.muzammilpeer.ShopApp;
				PRODUCT_NAME = "$(TARGET_NAME)";
				SWIFT_EMIT_LOC_STRINGS = YES;
				SWIFT_VERSION = 5.0;
				TARGETED_DEVICE_FAMILY = "1,2";
			};
			name = Debug;
		};
		7FB7C27F272E8E80006D7693 /* Release */ = {
			isa = XCBuildConfiguration;
			buildSettings = {
				ASSETCATALOG_COMPILER_APPICON_NAME = AppIcon;
				ASSETCATALOG_COMPILER_GLOBAL_ACCENT_COLOR_NAME = AccentColor;
				CODE_SIGN_STYLE = Automatic;
				CURRENT_PROJECT_VERSION = 1;
				GENERATE_INFOPLIST_FILE = YES;
				INFOPLIST_FILE = ShopApp/Info.plist;
				INFOPLIST_KEY_UIApplicationSupportsIndirectInputEvents = YES;
				INFOPLIST_KEY_UILaunchStoryboardName = LaunchScreen;
				INFOPLIST_KEY_UISupportedInterfaceOrientations_iPad = "UIInterfaceOrientationPortrait UIInterfaceOrientationPortraitUpsideDown UIInterfaceOrientationLandscapeLeft UIInterfaceOrientationLandscapeRight";
				INFOPLIST_KEY_UISupportedInterfaceOrientations_iPhone = "UIInterfaceOrientationPortrait UIInterfaceOrientationLandscapeLeft UIInterfaceOrientationLandscapeRight";
				LD_RUNPATH_SEARCH_PATHS = (
					"$(inherited)",
					"@executable_path/Frameworks",
				);
				MARKETING_VERSION = 1.0;
				PRODUCT_BUNDLE_IDENTIFIER = com.muzammilpeer.ShopApp;
				PRODUCT_NAME = "$(TARGET_NAME)";
				SWIFT_EMIT_LOC_STRINGS = YES;
				SWIFT_VERSION = 5.0;
				TARGETED_DEVICE_FAMILY = "1,2";
			};
			name = Release;
		};
		7FB7C281272E8E80006D7693 /* Debug */ = {
			isa = XCBuildConfiguration;
			buildSettings = {
				ALWAYS_EMBED_SWIFT_STANDARD_LIBRARIES = YES;
				BUNDLE_LOADER = "$(TEST_HOST)";
				CODE_SIGN_STYLE = Automatic;
				CURRENT_PROJECT_VERSION = 1;
				GENERATE_INFOPLIST_FILE = YES;
				IPHONEOS_DEPLOYMENT_TARGET = 15.0;
				LD_RUNPATH_SEARCH_PATHS = (
					"$(inherited)",
					"@executable_path/Frameworks",
					"@loader_path/Frameworks",
				);
				MARKETING_VERSION = 1.0;
				PRODUCT_BUNDLE_IDENTIFIER = com.muzammilpeer.ShopAppTests;
				PRODUCT_NAME = "$(TARGET_NAME)";
				SWIFT_EMIT_LOC_STRINGS = NO;
				SWIFT_VERSION = 5.0;
				TARGETED_DEVICE_FAMILY = "1,2";
				TEST_HOST = "$(BUILT_PRODUCTS_DIR)/ShopApp.app/ShopApp";
			};
			name = Debug;
		};
		7FB7C282272E8E80006D7693 /* Release */ = {
			isa = XCBuildConfiguration;
			buildSettings = {
				ALWAYS_EMBED_SWIFT_STANDARD_LIBRARIES = YES;
				BUNDLE_LOADER = "$(TEST_HOST)";
				CODE_SIGN_STYLE = Automatic;
				CURRENT_PROJECT_VERSION = 1;
				GENERATE_INFOPLIST_FILE = YES;
				IPHONEOS_DEPLOYMENT_TARGET = 15.0;
				LD_RUNPATH_SEARCH_PATHS = (
					"$(inherited)",
					"@executable_path/Frameworks",
					"@loader_path/Frameworks",
				);
				MARKETING_VERSION = 1.0;
				PRODUCT_BUNDLE_IDENTIFIER = com.muzammilpeer.ShopAppTests;
				PRODUCT_NAME = "$(TARGET_NAME)";
				SWIFT_EMIT_LOC_STRINGS = NO;
				SWIFT_VERSION = 5.0;
				TARGETED_DEVICE_FAMILY = "1,2";
				TEST_HOST = "$(BUILT_PRODUCTS_DIR)/ShopApp.app/ShopApp";
			};
			name = Release;
		};
		7FB7C284272E8E80006D7693 /* Debug */ = {
			isa = XCBuildConfiguration;
			buildSettings = {
				ALWAYS_EMBED_SWIFT_STANDARD_LIBRARIES = YES;
				CODE_SIGN_STYLE = Automatic;
				CURRENT_PROJECT_VERSION = 1;
				GENERATE_INFOPLIST_FILE = YES;
				LD_RUNPATH_SEARCH_PATHS = (
					"$(inherited)",
					"@executable_path/Frameworks",
					"@loader_path/Frameworks",
				);
				MARKETING_VERSION = 1.0;
				PRODUCT_BUNDLE_IDENTIFIER = com.muzammilpeer.ShopAppUITests;
				PRODUCT_NAME = "$(TARGET_NAME)";
				SWIFT_EMIT_LOC_STRINGS = NO;
				SWIFT_VERSION = 5.0;
				TARGETED_DEVICE_FAMILY = "1,2";
				TEST_TARGET_NAME = ShopApp;
			};
			name = Debug;
		};
		7FB7C285272E8E80006D7693 /* Release */ = {
			isa = XCBuildConfiguration;
			buildSettings = {
				ALWAYS_EMBED_SWIFT_STANDARD_LIBRARIES = YES;
				CODE_SIGN_STYLE = Automatic;
				CURRENT_PROJECT_VERSION = 1;
				GENERATE_INFOPLIST_FILE = YES;
				LD_RUNPATH_SEARCH_PATHS = (
					"$(inherited)",
					"@executable_path/Frameworks",
					"@loader_path/Frameworks",
				);
				MARKETING_VERSION = 1.0;
				PRODUCT_BUNDLE_IDENTIFIER = com.muzammilpeer.ShopAppUITests;
				PRODUCT_NAME = "$(TARGET_NAME)";
				SWIFT_EMIT_LOC_STRINGS = NO;
				SWIFT_VERSION = 5.0;
				TARGETED_DEVICE_FAMILY = "1,2";
				TEST_TARGET_NAME = ShopApp;
			};
			name = Release;
		};
/* End XCBuildConfiguration section */

/* Begin XCConfigurationList section */
		7FB7C24E272E8E7F006D7693 /* Build configuration list for PBXProject "ShopApp" */ = {
			isa = XCConfigurationList;
			buildConfigurations = (
				7FB7C27B272E8E80006D7693 /* Debug */,
				7FB7C27C272E8E80006D7693 /* Release */,
			);
			defaultConfigurationIsVisible = 0;
			defaultConfigurationName = Release;
		};
		7FB7C27D272E8E80006D7693 /* Build configuration list for PBXNativeTarget "ShopApp" */ = {
			isa = XCConfigurationList;
			buildConfigurations = (
				7FB7C27E272E8E80006D7693 /* Debug */,
				7FB7C27F272E8E80006D7693 /* Release */,
			);
			defaultConfigurationIsVisible = 0;
			defaultConfigurationName = Release;
		};
		7FB7C280272E8E80006D7693 /* Build configuration list for PBXNativeTarget "ShopAppTests" */ = {
			isa = XCConfigurationList;
			buildConfigurations = (
				7FB7C281272E8E80006D7693 /* Debug */,
				7FB7C282272E8E80006D7693 /* Release */,
			);
			defaultConfigurationIsVisible = 0;
			defaultConfigurationName = Release;
		};
		7FB7C283272E8E80006D7693 /* Build configuration list for PBXNativeTarget "ShopAppUITests" */ = {
			isa = XCConfigurationList;
			buildConfigurations = (
				7FB7C284272E8E80006D7693 /* Debug */,
				7FB7C285272E8E80006D7693 /* Release */,
			);
			defaultConfigurationIsVisible = 0;
			defaultConfigurationName = Release;
		};
/* End XCConfigurationList section */

/* Begin XCRemoteSwiftPackageReference section */
		7FED138A273177B7000AB4B6 /* XCRemoteSwiftPackageReference "shopmodule" */ = {
			isa = XCRemoteSwiftPackageReference;
			repositoryURL = "http://muzammilpeer.com:9090/scm/sw/shopmodule.git";
			requirement = {
				branch = master;
				kind = branch;
			};
		};
/* End XCRemoteSwiftPackageReference section */

/* Begin XCSwiftPackageProductDependency section */
		7FED138B273177B7000AB4B6 /* ShopModule */ = {
			isa = XCSwiftPackageProductDependency;
			package = 7FED138A273177B7000AB4B6 /* XCRemoteSwiftPackageReference "shopmodule" */;
			productName = ShopModule;
		};
/* End XCSwiftPackageProductDependency section */
	};
	rootObject = 7FB7C24B272E8E7F006D7693 /* Project object */;
}
